// !$*UTF8*$!
{
	archiveVersion = 1;
	classes = {
	};
	objectVersion = 51;
	objects = {

/* Begin PBXBuildFile section */
		4E99FAA94618BDEF94EE86DE /* Pods_SearchApp.framework in Frameworks */ = {isa = PBXBuildFile; fileRef = 1FD72F3F8831BE39A0229ED7 /* Pods_SearchApp.framework */; };
		CC12DA6B260988320022374B /* AppDetailData.swift in Sources */ = {isa = PBXBuildFile; fileRef = CC12DA6A260988320022374B /* AppDetailData.swift */; };
		CC12DA71260989BD0022374B /* AppDetailInfoCollectionViewCell.swift in Sources */ = {isa = PBXBuildFile; fileRef = CC12DA6F260989BD0022374B /* AppDetailInfoCollectionViewCell.swift */; };
		CC12DA72260989BD0022374B /* AppDetailInfoCollectionViewCell.xib in Resources */ = {isa = PBXBuildFile; fileRef = CC12DA70260989BD0022374B /* AppDetailInfoCollectionViewCell.xib */; };
		CC444260260AE13C007754E5 /* TimeCalculate.swift in Sources */ = {isa = PBXBuildFile; fileRef = CC44425F260AE13C007754E5 /* TimeCalculate.swift */; };
		CC485BD32696B07A00639175 /* SearchMainViewModel.swift in Sources */ = {isa = PBXBuildFile; fileRef = CC485BD22696B07A00639175 /* SearchMainViewModel.swift */; };
		CC485BDB2696B20800639175 /* SearchResultViewModel.swift in Sources */ = {isa = PBXBuildFile; fileRef = CC485BDA2696B20800639175 /* SearchResultViewModel.swift */; };
		CC5E52C42604315400619C1A /* AppDelegate.swift in Sources */ = {isa = PBXBuildFile; fileRef = CC5E52C32604315400619C1A /* AppDelegate.swift */; };
		CC5E52C62604315400619C1A /* SceneDelegate.swift in Sources */ = {isa = PBXBuildFile; fileRef = CC5E52C52604315400619C1A /* SceneDelegate.swift */; };
		CC5E52CB2604315400619C1A /* Main.storyboard in Resources */ = {isa = PBXBuildFile; fileRef = CC5E52C92604315400619C1A /* Main.storyboard */; };
		CC5E52CD2604315500619C1A /* Assets.xcassets in Resources */ = {isa = PBXBuildFile; fileRef = CC5E52CC2604315500619C1A /* Assets.xcassets */; };
		CC5E52D02604315500619C1A /* LaunchScreen.storyboard in Resources */ = {isa = PBXBuildFile; fileRef = CC5E52CE2604315500619C1A /* LaunchScreen.storyboard */; };
		CC5E52E22604330000619C1A /* SearchMainViewController.swift in Sources */ = {isa = PBXBuildFile; fileRef = CC5E52E02604330000619C1A /* SearchMainViewController.swift */; };
		CC5E52E32604330000619C1A /* SearchMainViewController.xib in Resources */ = {isa = PBXBuildFile; fileRef = CC5E52E12604330000619C1A /* SearchMainViewController.xib */; };
		CC5E52E72604332E00619C1A /* TabBarViewController.swift in Sources */ = {isa = PBXBuildFile; fileRef = CC5E52E62604332E00619C1A /* TabBarViewController.swift */; };
		CC5E52F22604484600619C1A /* AppDetailViewController.swift in Sources */ = {isa = PBXBuildFile; fileRef = CC5E52F02604484600619C1A /* AppDetailViewController.swift */; };
		CC5E52F32604484600619C1A /* AppDetailViewController.xib in Resources */ = {isa = PBXBuildFile; fileRef = CC5E52F12604484600619C1A /* AppDetailViewController.xib */; };
		CC5E52F82604488500619C1A /* SearchResultViewController.swift in Sources */ = {isa = PBXBuildFile; fileRef = CC5E52F62604488500619C1A /* SearchResultViewController.swift */; };
		CC5E52F92604488500619C1A /* SearchResultViewController.xib in Resources */ = {isa = PBXBuildFile; fileRef = CC5E52F72604488500619C1A /* SearchResultViewController.xib */; };
		CC5E53502604A0BA00619C1A /* SearchMainTableViewCell.swift in Sources */ = {isa = PBXBuildFile; fileRef = CC5E534E2604A0BA00619C1A /* SearchMainTableViewCell.swift */; };
		CC5E53512604A0BA00619C1A /* SearchMainTableViewCell.xib in Resources */ = {isa = PBXBuildFile; fileRef = CC5E534F2604A0BA00619C1A /* SearchMainTableViewCell.xib */; };
		CC5E53592604AA9000619C1A /* StoredData.swift in Sources */ = {isa = PBXBuildFile; fileRef = CC5E53582604AA9000619C1A /* StoredData.swift */; };
		CCF31392260C6D020015CB73 /* AppDetailHeaderTableViewCell.xib in Resources */ = {isa = PBXBuildFile; fileRef = CCF31390260C6D020015CB73 /* AppDetailHeaderTableViewCell.xib */; };
		CCF31393260C6D020015CB73 /* AppDetailHeaderTableViewCell.swift in Sources */ = {isa = PBXBuildFile; fileRef = CCF31391260C6D020015CB73 /* AppDetailHeaderTableViewCell.swift */; };
		CCF31397260C71CE0015CB73 /* HeaderViewController.swift in Sources */ = {isa = PBXBuildFile; fileRef = CCF31395260C71CE0015CB73 /* HeaderViewController.swift */; };
		CCF31398260C71CE0015CB73 /* HeaderViewController.xib in Resources */ = {isa = PBXBuildFile; fileRef = CCF31396260C71CE0015CB73 /* HeaderViewController.xib */; };
		D686C47E260A18690042492F /* AppDetailScreenshotCollectionViewCell.swift in Sources */ = {isa = PBXBuildFile; fileRef = D686C47C260A18690042492F /* AppDetailScreenshotCollectionViewCell.swift */; };
		D686C47F260A18690042492F /* AppDetailScreenshotCollectionViewCell.xib in Resources */ = {isa = PBXBuildFile; fileRef = D686C47D260A18690042492F /* AppDetailScreenshotCollectionViewCell.xib */; };
		D686C483260A1BCF0042492F /* AppDetailReviewSectionCollectionViewCell.swift in Sources */ = {isa = PBXBuildFile; fileRef = D686C481260A1BCF0042492F /* AppDetailReviewSectionCollectionViewCell.swift */; };
		D686C484260A1BCF0042492F /* AppDetailReviewSectionCollectionViewCell.xib in Resources */ = {isa = PBXBuildFile; fileRef = D686C482260A1BCF0042492F /* AppDetailReviewSectionCollectionViewCell.xib */; };
		D6AAFE652608CCD80043C177 /* AppDetailScreenShotTableViewCell.swift in Sources */ = {isa = PBXBuildFile; fileRef = D6AAFE632608CCD80043C177 /* AppDetailScreenShotTableViewCell.swift */; };
		D6AAFE662608CCD80043C177 /* AppDetailScreenShotTableViewCell.xib in Resources */ = {isa = PBXBuildFile; fileRef = D6AAFE642608CCD80043C177 /* AppDetailScreenShotTableViewCell.xib */; };
		D6AAFE6A2608CE170043C177 /* AppDetailPromotionTableViewCell.swift in Sources */ = {isa = PBXBuildFile; fileRef = D6AAFE682608CE170043C177 /* AppDetailPromotionTableViewCell.swift */; };
		D6AAFE6B2608CE170043C177 /* AppDetailPromotionTableViewCell.xib in Resources */ = {isa = PBXBuildFile; fileRef = D6AAFE692608CE170043C177 /* AppDetailPromotionTableViewCell.xib */; };
		D6AAFE6F2608CFE60043C177 /* AppDetailReviewTableViewCell.swift in Sources */ = {isa = PBXBuildFile; fileRef = D6AAFE6D2608CFE50043C177 /* AppDetailReviewTableViewCell.swift */; };
		D6AAFE702608CFE60043C177 /* AppDetailReviewTableViewCell.xib in Resources */ = {isa = PBXBuildFile; fileRef = D6AAFE6E2608CFE60043C177 /* AppDetailReviewTableViewCell.xib */; };
		D6AAFE742608D3170043C177 /* AppDetailReviewSectionTableViewCell.swift in Sources */ = {isa = PBXBuildFile; fileRef = D6AAFE722608D3170043C177 /* AppDetailReviewSectionTableViewCell.swift */; };
		D6AAFE752608D3170043C177 /* AppDetailReviewSectionTableViewCell.xib in Resources */ = {isa = PBXBuildFile; fileRef = D6AAFE732608D3170043C177 /* AppDetailReviewSectionTableViewCell.xib */; };
		D6D3F67826071664008C5DBA /* SearchResultCodable.swift in Sources */ = {isa = PBXBuildFile; fileRef = D6D3F67726071664008C5DBA /* SearchResultCodable.swift */; };
		D6D3F67C260716B4008C5DBA /* CallHttpApI.swift in Sources */ = {isa = PBXBuildFile; fileRef = D6D3F67B260716B4008C5DBA /* CallHttpApI.swift */; };
		D6D3F67F260716C3008C5DBA /* HttpAPIManager.swift in Sources */ = {isa = PBXBuildFile; fileRef = D6D3F67E260716C3008C5DBA /* HttpAPIManager.swift */; };
		D6D3F68326072024008C5DBA /* HttpApiRequest.swift in Sources */ = {isa = PBXBuildFile; fileRef = D6D3F68226072024008C5DBA /* HttpApiRequest.swift */; };
		D6D3F686260720FD008C5DBA /* HttpApiHeader.swift in Sources */ = {isa = PBXBuildFile; fileRef = D6D3F685260720FD008C5DBA /* HttpApiHeader.swift */; };
		D6D3F692260736F6008C5DBA /* SearchResultTableViewCell.swift in Sources */ = {isa = PBXBuildFile; fileRef = D6D3F690260736F6008C5DBA /* SearchResultTableViewCell.swift */; };
		D6D3F693260736F6008C5DBA /* SearchResultTableViewCell.xib in Resources */ = {isa = PBXBuildFile; fileRef = D6D3F691260736F6008C5DBA /* SearchResultTableViewCell.xib */; };
		D6D3F69B26074224008C5DBA /* SearchTableData.swift in Sources */ = {isa = PBXBuildFile; fileRef = D6D3F69A26074224008C5DBA /* SearchTableData.swift */; };
		D6FD82E92608BE6E005CBBB2 /* IntExtension.swift in Sources */ = {isa = PBXBuildFile; fileRef = D6FD82E82608BE6E005CBBB2 /* IntExtension.swift */; };
		D6FD82F22608C82D005CBBB2 /* AppDetailInfoTableViewCell.swift in Sources */ = {isa = PBXBuildFile; fileRef = D6FD82F02608C82D005CBBB2 /* AppDetailInfoTableViewCell.swift */; };
		D6FD82F32608C82D005CBBB2 /* AppDetailInfoTableViewCell.xib in Resources */ = {isa = PBXBuildFile; fileRef = D6FD82F12608C82D005CBBB2 /* AppDetailInfoTableViewCell.xib */; };
		D6FD82F72608C8E1005CBBB2 /* AppDetailVersionContentsTableViewCell.swift in Sources */ = {isa = PBXBuildFile; fileRef = D6FD82F52608C8E1005CBBB2 /* AppDetailVersionContentsTableViewCell.swift */; };
		D6FD82F82608C8E1005CBBB2 /* AppDetailVersionContentsTableViewCell.xib in Resources */ = {isa = PBXBuildFile; fileRef = D6FD82F62608C8E1005CBBB2 /* AppDetailVersionContentsTableViewCell.xib */; };
/* End PBXBuildFile section */

/* Begin PBXFileReference section */
		1FD72F3F8831BE39A0229ED7 /* Pods_SearchApp.framework */ = {isa = PBXFileReference; explicitFileType = wrapper.framework; includeInIndex = 0; path = Pods_SearchApp.framework; sourceTree = BUILT_PRODUCTS_DIR; };
		656F2D5E246E25305D9B5F3A /* Pods-SearchApp.debug.xcconfig */ = {isa = PBXFileReference; includeInIndex = 1; lastKnownFileType = text.xcconfig; name = "Pods-SearchApp.debug.xcconfig"; path = "Target Support Files/Pods-SearchApp/Pods-SearchApp.debug.xcconfig"; sourceTree = "<group>"; };
		6B36F68059D8F5E9822D27E9 /* Pods-SearchApp.release.xcconfig */ = {isa = PBXFileReference; includeInIndex = 1; lastKnownFileType = text.xcconfig; name = "Pods-SearchApp.release.xcconfig"; path = "Target Support Files/Pods-SearchApp/Pods-SearchApp.release.xcconfig"; sourceTree = "<group>"; };
		CC12DA6A260988320022374B /* AppDetailData.swift */ = {isa = PBXFileReference; lastKnownFileType = sourcecode.swift; path = AppDetailData.swift; sourceTree = "<group>"; };
		CC12DA6F260989BD0022374B /* AppDetailInfoCollectionViewCell.swift */ = {isa = PBXFileReference; lastKnownFileType = sourcecode.swift; path = AppDetailInfoCollectionViewCell.swift; sourceTree = "<group>"; };
		CC12DA70260989BD0022374B /* AppDetailInfoCollectionViewCell.xib */ = {isa = PBXFileReference; lastKnownFileType = file.xib; path = AppDetailInfoCollectionViewCell.xib; sourceTree = "<group>"; };
		CC44425F260AE13C007754E5 /* TimeCalculate.swift */ = {isa = PBXFileReference; lastKnownFileType = sourcecode.swift; path = TimeCalculate.swift; sourceTree = "<group>"; };
		CC485BD22696B07A00639175 /* SearchMainViewModel.swift */ = {isa = PBXFileReference; lastKnownFileType = sourcecode.swift; path = SearchMainViewModel.swift; sourceTree = "<group>"; };
		CC485BDA2696B20800639175 /* SearchResultViewModel.swift */ = {isa = PBXFileReference; lastKnownFileType = sourcecode.swift; path = SearchResultViewModel.swift; sourceTree = "<group>"; };
		CC5E52C02604315400619C1A /* SearchApp.app */ = {isa = PBXFileReference; explicitFileType = wrapper.application; includeInIndex = 0; path = SearchApp.app; sourceTree = BUILT_PRODUCTS_DIR; };
		CC5E52C32604315400619C1A /* AppDelegate.swift */ = {isa = PBXFileReference; lastKnownFileType = sourcecode.swift; path = AppDelegate.swift; sourceTree = "<group>"; };
		CC5E52C52604315400619C1A /* SceneDelegate.swift */ = {isa = PBXFileReference; lastKnownFileType = sourcecode.swift; path = SceneDelegate.swift; sourceTree = "<group>"; };
		CC5E52CA2604315400619C1A /* Base */ = {isa = PBXFileReference; lastKnownFileType = file.storyboard; name = Base; path = Base.lproj/Main.storyboard; sourceTree = "<group>"; };
		CC5E52CC2604315500619C1A /* Assets.xcassets */ = {isa = PBXFileReference; lastKnownFileType = folder.assetcatalog; path = Assets.xcassets; sourceTree = "<group>"; };
		CC5E52CF2604315500619C1A /* Base */ = {isa = PBXFileReference; lastKnownFileType = file.storyboard; name = Base; path = Base.lproj/LaunchScreen.storyboard; sourceTree = "<group>"; };
		CC5E52D12604315500619C1A /* Info.plist */ = {isa = PBXFileReference; lastKnownFileType = text.plist.xml; path = Info.plist; sourceTree = "<group>"; };
		CC5E52E02604330000619C1A /* SearchMainViewController.swift */ = {isa = PBXFileReference; lastKnownFileType = sourcecode.swift; path = SearchMainViewController.swift; sourceTree = "<group>"; };
		CC5E52E12604330000619C1A /* SearchMainViewController.xib */ = {isa = PBXFileReference; lastKnownFileType = file.xib; path = SearchMainViewController.xib; sourceTree = "<group>"; };
		CC5E52E62604332E00619C1A /* TabBarViewController.swift */ = {isa = PBXFileReference; lastKnownFileType = sourcecode.swift; path = TabBarViewController.swift; sourceTree = "<group>"; };
		CC5E52F02604484600619C1A /* AppDetailViewController.swift */ = {isa = PBXFileReference; lastKnownFileType = sourcecode.swift; path = AppDetailViewController.swift; sourceTree = "<group>"; };
		CC5E52F12604484600619C1A /* AppDetailViewController.xib */ = {isa = PBXFileReference; lastKnownFileType = file.xib; path = AppDetailViewController.xib; sourceTree = "<group>"; };
		CC5E52F62604488500619C1A /* SearchResultViewController.swift */ = {isa = PBXFileReference; lastKnownFileType = sourcecode.swift; path = SearchResultViewController.swift; sourceTree = "<group>"; };
		CC5E52F72604488500619C1A /* SearchResultViewController.xib */ = {isa = PBXFileReference; lastKnownFileType = file.xib; path = SearchResultViewController.xib; sourceTree = "<group>"; };
		CC5E534E2604A0BA00619C1A /* SearchMainTableViewCell.swift */ = {isa = PBXFileReference; lastKnownFileType = sourcecode.swift; path = SearchMainTableViewCell.swift; sourceTree = "<group>"; };
		CC5E534F2604A0BA00619C1A /* SearchMainTableViewCell.xib */ = {isa = PBXFileReference; lastKnownFileType = file.xib; path = SearchMainTableViewCell.xib; sourceTree = "<group>"; };
		CC5E53582604AA9000619C1A /* StoredData.swift */ = {isa = PBXFileReference; lastKnownFileType = sourcecode.swift; path = StoredData.swift; sourceTree = "<group>"; };
		CCF31390260C6D020015CB73 /* AppDetailHeaderTableViewCell.xib */ = {isa = PBXFileReference; fileEncoding = 4; lastKnownFileType = file.xib; path = AppDetailHeaderTableViewCell.xib; sourceTree = "<group>"; };
		CCF31391260C6D020015CB73 /* AppDetailHeaderTableViewCell.swift */ = {isa = PBXFileReference; fileEncoding = 4; lastKnownFileType = sourcecode.swift; path = AppDetailHeaderTableViewCell.swift; sourceTree = "<group>"; };
		CCF31395260C71CE0015CB73 /* HeaderViewController.swift */ = {isa = PBXFileReference; lastKnownFileType = sourcecode.swift; path = HeaderViewController.swift; sourceTree = "<group>"; };
		CCF31396260C71CE0015CB73 /* HeaderViewController.xib */ = {isa = PBXFileReference; lastKnownFileType = file.xib; path = HeaderViewController.xib; sourceTree = "<group>"; };
		D686C47C260A18690042492F /* AppDetailScreenshotCollectionViewCell.swift */ = {isa = PBXFileReference; lastKnownFileType = sourcecode.swift; path = AppDetailScreenshotCollectionViewCell.swift; sourceTree = "<group>"; };
		D686C47D260A18690042492F /* AppDetailScreenshotCollectionViewCell.xib */ = {isa = PBXFileReference; lastKnownFileType = file.xib; path = AppDetailScreenshotCollectionViewCell.xib; sourceTree = "<group>"; };
		D686C481260A1BCF0042492F /* AppDetailReviewSectionCollectionViewCell.swift */ = {isa = PBXFileReference; lastKnownFileType = sourcecode.swift; path = AppDetailReviewSectionCollectionViewCell.swift; sourceTree = "<group>"; };
		D686C482260A1BCF0042492F /* AppDetailReviewSectionCollectionViewCell.xib */ = {isa = PBXFileReference; lastKnownFileType = file.xib; path = AppDetailReviewSectionCollectionViewCell.xib; sourceTree = "<group>"; };
		D6AAFE632608CCD80043C177 /* AppDetailScreenShotTableViewCell.swift */ = {isa = PBXFileReference; lastKnownFileType = sourcecode.swift; path = AppDetailScreenShotTableViewCell.swift; sourceTree = "<group>"; };
		D6AAFE642608CCD80043C177 /* AppDetailScreenShotTableViewCell.xib */ = {isa = PBXFileReference; lastKnownFileType = file.xib; path = AppDetailScreenShotTableViewCell.xib; sourceTree = "<group>"; };
		D6AAFE682608CE170043C177 /* AppDetailPromotionTableViewCell.swift */ = {isa = PBXFileReference; lastKnownFileType = sourcecode.swift; path = AppDetailPromotionTableViewCell.swift; sourceTree = "<group>"; };
		D6AAFE692608CE170043C177 /* AppDetailPromotionTableViewCell.xib */ = {isa = PBXFileReference; lastKnownFileType = file.xib; path = AppDetailPromotionTableViewCell.xib; sourceTree = "<group>"; };
		D6AAFE6D2608CFE50043C177 /* AppDetailReviewTableViewCell.swift */ = {isa = PBXFileReference; lastKnownFileType = sourcecode.swift; path = AppDetailReviewTableViewCell.swift; sourceTree = "<group>"; };
		D6AAFE6E2608CFE60043C177 /* AppDetailReviewTableViewCell.xib */ = {isa = PBXFileReference; lastKnownFileType = file.xib; path = AppDetailReviewTableViewCell.xib; sourceTree = "<group>"; };
		D6AAFE722608D3170043C177 /* AppDetailReviewSectionTableViewCell.swift */ = {isa = PBXFileReference; lastKnownFileType = sourcecode.swift; path = AppDetailReviewSectionTableViewCell.swift; sourceTree = "<group>"; };
		D6AAFE732608D3170043C177 /* AppDetailReviewSectionTableViewCell.xib */ = {isa = PBXFileReference; lastKnownFileType = file.xib; path = AppDetailReviewSectionTableViewCell.xib; sourceTree = "<group>"; };
		D6D3F67726071664008C5DBA /* SearchResultCodable.swift */ = {isa = PBXFileReference; lastKnownFileType = sourcecode.swift; path = SearchResultCodable.swift; sourceTree = "<group>"; };
		D6D3F67B260716B4008C5DBA /* CallHttpApI.swift */ = {isa = PBXFileReference; lastKnownFileType = sourcecode.swift; path = CallHttpApI.swift; sourceTree = "<group>"; };
		D6D3F67E260716C3008C5DBA /* HttpAPIManager.swift */ = {isa = PBXFileReference; lastKnownFileType = sourcecode.swift; path = HttpAPIManager.swift; sourceTree = "<group>"; };
		D6D3F68226072024008C5DBA /* HttpApiRequest.swift */ = {isa = PBXFileReference; lastKnownFileType = sourcecode.swift; path = HttpApiRequest.swift; sourceTree = "<group>"; };
		D6D3F685260720FD008C5DBA /* HttpApiHeader.swift */ = {isa = PBXFileReference; lastKnownFileType = sourcecode.swift; path = HttpApiHeader.swift; sourceTree = "<group>"; };
		D6D3F690260736F6008C5DBA /* SearchResultTableViewCell.swift */ = {isa = PBXFileReference; lastKnownFileType = sourcecode.swift; path = SearchResultTableViewCell.swift; sourceTree = "<group>"; };
		D6D3F691260736F6008C5DBA /* SearchResultTableViewCell.xib */ = {isa = PBXFileReference; lastKnownFileType = file.xib; path = SearchResultTableViewCell.xib; sourceTree = "<group>"; };
		D6D3F69A26074224008C5DBA /* SearchTableData.swift */ = {isa = PBXFileReference; lastKnownFileType = sourcecode.swift; path = SearchTableData.swift; sourceTree = "<group>"; };
		D6FD82E82608BE6E005CBBB2 /* IntExtension.swift */ = {isa = PBXFileReference; lastKnownFileType = sourcecode.swift; path = IntExtension.swift; sourceTree = "<group>"; };
		D6FD82F02608C82D005CBBB2 /* AppDetailInfoTableViewCell.swift */ = {isa = PBXFileReference; lastKnownFileType = sourcecode.swift; path = AppDetailInfoTableViewCell.swift; sourceTree = "<group>"; };
		D6FD82F12608C82D005CBBB2 /* AppDetailInfoTableViewCell.xib */ = {isa = PBXFileReference; lastKnownFileType = file.xib; path = AppDetailInfoTableViewCell.xib; sourceTree = "<group>"; };
		D6FD82F52608C8E1005CBBB2 /* AppDetailVersionContentsTableViewCell.swift */ = {isa = PBXFileReference; lastKnownFileType = sourcecode.swift; path = AppDetailVersionContentsTableViewCell.swift; sourceTree = "<group>"; };
		D6FD82F62608C8E1005CBBB2 /* AppDetailVersionContentsTableViewCell.xib */ = {isa = PBXFileReference; lastKnownFileType = file.xib; path = AppDetailVersionContentsTableViewCell.xib; sourceTree = "<group>"; };
/* End PBXFileReference section */

/* Begin PBXFrameworksBuildPhase section */
		CC5E52BD2604315400619C1A /* Frameworks */ = {
			isa = PBXFrameworksBuildPhase;
			buildActionMask = 2147483647;
			files = (
				4E99FAA94618BDEF94EE86DE /* Pods_SearchApp.framework in Frameworks */,
			);
			runOnlyForDeploymentPostprocessing = 0;
		};
/* End PBXFrameworksBuildPhase section */

/* Begin PBXGroup section */
		12BC068A67BEC9F77F4A1B18 /* Frameworks */ = {
			isa = PBXGroup;
			children = (
				1FD72F3F8831BE39A0229ED7 /* Pods_SearchApp.framework */,
			);
			name = Frameworks;
			sourceTree = "<group>";
		};
		225322BBE566A949D3AFD389 /* Pods */ = {
			isa = PBXGroup;
			children = (
				656F2D5E246E25305D9B5F3A /* Pods-SearchApp.debug.xcconfig */,
				6B36F68059D8F5E9822D27E9 /* Pods-SearchApp.release.xcconfig */,
			);
			path = Pods;
			sourceTree = "<group>";
		};
		CC12DA6D260988420022374B /* Data */ = {
			isa = PBXGroup;
			children = (
				CC12DA6A260988320022374B /* AppDetailData.swift */,
			);
			path = Data;
			sourceTree = "<group>";
		};
		CC12DA6E2609899E0022374B /* AppDetailCollectionCell */ = {
			isa = PBXGroup;
			children = (
				CC12DA6F260989BD0022374B /* AppDetailInfoCollectionViewCell.swift */,
				CC12DA70260989BD0022374B /* AppDetailInfoCollectionViewCell.xib */,
				D686C47C260A18690042492F /* AppDetailScreenshotCollectionViewCell.swift */,
				D686C47D260A18690042492F /* AppDetailScreenshotCollectionViewCell.xib */,
				D686C481260A1BCF0042492F /* AppDetailReviewSectionCollectionViewCell.swift */,
				D686C482260A1BCF0042492F /* AppDetailReviewSectionCollectionViewCell.xib */,
			);
			path = AppDetailCollectionCell;
			sourceTree = "<group>";
		};
		CC44425E260AE12B007754E5 /* Common */ = {
			isa = PBXGroup;
			children = (
				CC8F4F72260828EF003FFB49 /* Extension */,
				CC44425F260AE13C007754E5 /* TimeCalculate.swift */,
			);
			path = Common;
			sourceTree = "<group>";
		};
		CC485BCE2696AFD600639175 /* Pages */ = {
			isa = PBXGroup;
			children = (
				CC5E52DF260432E300619C1A /* SearchTab */,
			);
			path = Pages;
			sourceTree = "<group>";
		};
		CC485BCF2696B04B00639175 /* View */ = {
			isa = PBXGroup;
			children = (
				CC5E52E02604330000619C1A /* SearchMainViewController.swift */,
				CC5E52E12604330000619C1A /* SearchMainViewController.xib */,
				D6D3F69E260742F5008C5DBA /* SearchCell */,
			);
			path = View;
			sourceTree = "<group>";
		};
		CC485BD02696B05100639175 /* ViewModel */ = {
			isa = PBXGroup;
			children = (
				CC485BD22696B07A00639175 /* SearchMainViewModel.swift */,
			);
			path = ViewModel;
			sourceTree = "<group>";
		};
		CC485BD62696B16B00639175 /* Base */ = {
			isa = PBXGroup;
			children = (
				CC5E52E62604332E00619C1A /* TabBarViewController.swift */,
			);
			path = Base;
			sourceTree = "<group>";
		};
		CC485BD72696B1DD00639175 /* View */ = {
			isa = PBXGroup;
			children = (
				CC5E52F62604488500619C1A /* SearchResultViewController.swift */,
				CC5E52F72604488500619C1A /* SearchResultViewController.xib */,
				D6D3F68F260736CA008C5DBA /* SearchResultCell */,
			);
			path = View;
			sourceTree = "<group>";
		};
		CC485BD82696B1E500639175 /* ViewModel */ = {
			isa = PBXGroup;
			children = (
				CC485BDA2696B20800639175 /* SearchResultViewModel.swift */,
			);
			path = ViewModel;
			sourceTree = "<group>";
		};
		CC485BD92696B1EA00639175 /* Model */ = {
			isa = PBXGroup;
			children = (
				D6D3F67726071664008C5DBA /* SearchResultCodable.swift */,
				D6D3F69A26074224008C5DBA /* SearchTableData.swift */,
			);
			path = Model;
			sourceTree = "<group>";
		};
		CC5E52B72604315400619C1A = {
			isa = PBXGroup;
			children = (
				CC5E52C22604315400619C1A /* SearchApp */,
				CC5E52C12604315400619C1A /* Products */,
				225322BBE566A949D3AFD389 /* Pods */,
				12BC068A67BEC9F77F4A1B18 /* Frameworks */,
			);
			sourceTree = "<group>";
		};
		CC5E52C12604315400619C1A /* Products */ = {
			isa = PBXGroup;
			children = (
				CC5E52C02604315400619C1A /* SearchApp.app */,
			);
			name = Products;
			sourceTree = "<group>";
		};
		CC5E52C22604315400619C1A /* SearchApp */ = {
			isa = PBXGroup;
			children = (
				CC485BD62696B16B00639175 /* Base */,
				CC44425E260AE12B007754E5 /* Common */,
				D6D3F67A260716A0008C5DBA /* Service */,
				CC5E53572604AA8000619C1A /* Config */,
				CC485BCE2696AFD600639175 /* Pages */,
				CC5E52C32604315400619C1A /* AppDelegate.swift */,
				CC5E52C52604315400619C1A /* SceneDelegate.swift */,
				CC5E52C92604315400619C1A /* Main.storyboard */,
				CC5E52CC2604315500619C1A /* Assets.xcassets */,
				CC5E52CE2604315500619C1A /* LaunchScreen.storyboard */,
				CC5E52D12604315500619C1A /* Info.plist */,
			);
			path = SearchApp;
			sourceTree = "<group>";
		};
		CC5E52DF260432E300619C1A /* SearchTab */ = {
			isa = PBXGroup;
			children = (
				CC5E52EC260447F900619C1A /* SearchMainPage */,
				CC5E52ED2604480700619C1A /* SearchResultPage */,
				CC5E52EF2604482600619C1A /* AppDetailPage */,
			);
			path = SearchTab;
			sourceTree = "<group>";
		};
		CC5E52EC260447F900619C1A /* SearchMainPage */ = {
			isa = PBXGroup;
			children = (
				CC485BD02696B05100639175 /* ViewModel */,
				CC485BCF2696B04B00639175 /* View */,
			);
			path = SearchMainPage;
			sourceTree = "<group>";
		};
		CC5E52ED2604480700619C1A /* SearchResultPage */ = {
			isa = PBXGroup;
			children = (
				CC485BD92696B1EA00639175 /* Model */,
				CC485BD82696B1E500639175 /* ViewModel */,
				CC485BD72696B1DD00639175 /* View */,
			);
			path = SearchResultPage;
			sourceTree = "<group>";
		};
		CC5E52EF2604482600619C1A /* AppDetailPage */ = {
			isa = PBXGroup;
			children = (
				CC12DA6D260988420022374B /* Data */,
				CC5E52F02604484600619C1A /* AppDetailViewController.swift */,
				CC5E52F12604484600619C1A /* AppDetailViewController.xib */,
				D6D3F6A726074F8D008C5DBA /* AppDetailCell */,
				CCF31395260C71CE0015CB73 /* HeaderViewController.swift */,
				CCF31396260C71CE0015CB73 /* HeaderViewController.xib */,
			);
			path = AppDetailPage;
			sourceTree = "<group>";
		};
		CC5E53572604AA8000619C1A /* Config */ = {
			isa = PBXGroup;
			children = (
				CC5E53582604AA9000619C1A /* StoredData.swift */,
			);
			path = Config;
			sourceTree = "<group>";
		};
		CC8F4F72260828EF003FFB49 /* Extension */ = {
			isa = PBXGroup;
			children = (
				D6FD82E82608BE6E005CBBB2 /* IntExtension.swift */,
			);
			path = Extension;
			sourceTree = "<group>";
		};
		D6D3F67A260716A0008C5DBA /* Service */ = {
			isa = PBXGroup;
			children = (
				D6D3F67B260716B4008C5DBA /* CallHttpApI.swift */,
				D6D3F67E260716C3008C5DBA /* HttpAPIManager.swift */,
				D6D3F68226072024008C5DBA /* HttpApiRequest.swift */,
				D6D3F685260720FD008C5DBA /* HttpApiHeader.swift */,
			);
			path = Service;
			sourceTree = "<group>";
		};
		D6D3F68F260736CA008C5DBA /* SearchResultCell */ = {
			isa = PBXGroup;
			children = (
				D6D3F690260736F6008C5DBA /* SearchResultTableViewCell.swift */,
				D6D3F691260736F6008C5DBA /* SearchResultTableViewCell.xib */,
			);
			path = SearchResultCell;
			sourceTree = "<group>";
		};
		D6D3F69E260742F5008C5DBA /* SearchCell */ = {
			isa = PBXGroup;
			children = (
				CC5E534E2604A0BA00619C1A /* SearchMainTableViewCell.swift */,
				CC5E534F2604A0BA00619C1A /* SearchMainTableViewCell.xib */,
			);
			path = SearchCell;
			sourceTree = "<group>";
		};
		D6D3F6A726074F8D008C5DBA /* AppDetailCell */ = {
			isa = PBXGroup;
			children = (
				CCF31391260C6D020015CB73 /* AppDetailHeaderTableViewCell.swift */,
				CCF31390260C6D020015CB73 /* AppDetailHeaderTableViewCell.xib */,
				D6FD82F02608C82D005CBBB2 /* AppDetailInfoTableViewCell.swift */,
				D6FD82F12608C82D005CBBB2 /* AppDetailInfoTableViewCell.xib */,
				D6FD82F52608C8E1005CBBB2 /* AppDetailVersionContentsTableViewCell.swift */,
				D6FD82F62608C8E1005CBBB2 /* AppDetailVersionContentsTableViewCell.xib */,
				D6AAFE632608CCD80043C177 /* AppDetailScreenShotTableViewCell.swift */,
				D6AAFE642608CCD80043C177 /* AppDetailScreenShotTableViewCell.xib */,
				D6AAFE682608CE170043C177 /* AppDetailPromotionTableViewCell.swift */,
				D6AAFE692608CE170043C177 /* AppDetailPromotionTableViewCell.xib */,
				D6AAFE6D2608CFE50043C177 /* AppDetailReviewTableViewCell.swift */,
				D6AAFE6E2608CFE60043C177 /* AppDetailReviewTableViewCell.xib */,
				D6AAFE722608D3170043C177 /* AppDetailReviewSectionTableViewCell.swift */,
				D6AAFE732608D3170043C177 /* AppDetailReviewSectionTableViewCell.xib */,
				CC12DA6E2609899E0022374B /* AppDetailCollectionCell */,
			);
			path = AppDetailCell;
			sourceTree = "<group>";
		};
/* End PBXGroup section */

/* Begin PBXNativeTarget section */
		CC5E52BF2604315400619C1A /* SearchApp */ = {
			isa = PBXNativeTarget;
			buildConfigurationList = CC5E52D42604315500619C1A /* Build configuration list for PBXNativeTarget "SearchApp" */;
			buildPhases = (
				854BD2565AA27377ABCF9921 /* [CP] Check Pods Manifest.lock */,
				CC5E52BC2604315400619C1A /* Sources */,
				CC5E52BD2604315400619C1A /* Frameworks */,
				CC5E52BE2604315400619C1A /* Resources */,
				8DE55C0BEB6CE3C69BF62609 /* [CP] Embed Pods Frameworks */,
			);
			buildRules = (
			);
			dependencies = (
			);
			name = SearchApp;
			productName = SearchApp;
			productReference = CC5E52C02604315400619C1A /* SearchApp.app */;
			productType = "com.apple.product-type.application";
		};
/* End PBXNativeTarget section */

/* Begin PBXProject section */
		CC5E52B82604315400619C1A /* Project object */ = {
			isa = PBXProject;
			attributes = {
				LastSwiftUpdateCheck = 1240;
				LastUpgradeCheck = 1240;
				TargetAttributes = {
					CC5E52BF2604315400619C1A = {
						CreatedOnToolsVersion = 12.4;
					};
				};
			};
			buildConfigurationList = CC5E52BB2604315400619C1A /* Build configuration list for PBXProject "SearchApp" */;
			compatibilityVersion = "Xcode 9.3";
			developmentRegion = en;
			hasScannedForEncodings = 0;
			knownRegions = (
				en,
				Base,
			);
			mainGroup = CC5E52B72604315400619C1A;
			productRefGroup = CC5E52C12604315400619C1A /* Products */;
			projectDirPath = "";
			projectRoot = "";
			targets = (
				CC5E52BF2604315400619C1A /* SearchApp */,
			);
		};
/* End PBXProject section */

/* Begin PBXResourcesBuildPhase section */
		CC5E52BE2604315400619C1A /* Resources */ = {
			isa = PBXResourcesBuildPhase;
			buildActionMask = 2147483647;
			files = (
				CC5E52F32604484600619C1A /* AppDetailViewController.xib in Resources */,
				CC5E52D02604315500619C1A /* LaunchScreen.storyboard in Resources */,
				CCF31392260C6D020015CB73 /* AppDetailHeaderTableViewCell.xib in Resources */,
				D6AAFE6B2608CE170043C177 /* AppDetailPromotionTableViewCell.xib in Resources */,
				CC12DA72260989BD0022374B /* AppDetailInfoCollectionViewCell.xib in Resources */,
				D6AAFE662608CCD80043C177 /* AppDetailScreenShotTableViewCell.xib in Resources */,
				D6FD82F32608C82D005CBBB2 /* AppDetailInfoTableViewCell.xib in Resources */,
				D6FD82F82608C8E1005CBBB2 /* AppDetailVersionContentsTableViewCell.xib in Resources */,
				CCF31398260C71CE0015CB73 /* HeaderViewController.xib in Resources */,
				D686C484260A1BCF0042492F /* AppDetailReviewSectionCollectionViewCell.xib in Resources */,
				CC5E52CD2604315500619C1A /* Assets.xcassets in Resources */,
				D6AAFE702608CFE60043C177 /* AppDetailReviewTableViewCell.xib in Resources */,
				CC5E52F92604488500619C1A /* SearchResultViewController.xib in Resources */,
				D6AAFE752608D3170043C177 /* AppDetailReviewSectionTableViewCell.xib in Resources */,
				CC5E53512604A0BA00619C1A /* SearchMainTableViewCell.xib in Resources */,
				CC5E52E32604330000619C1A /* SearchMainViewController.xib in Resources */,
				D6D3F693260736F6008C5DBA /* SearchResultTableViewCell.xib in Resources */,
				D686C47F260A18690042492F /* AppDetailScreenshotCollectionViewCell.xib in Resources */,
				CC5E52CB2604315400619C1A /* Main.storyboard in Resources */,
			);
			runOnlyForDeploymentPostprocessing = 0;
		};
/* End PBXResourcesBuildPhase section */

/* Begin PBXShellScriptBuildPhase section */
		854BD2565AA27377ABCF9921 /* [CP] Check Pods Manifest.lock */ = {
			isa = PBXShellScriptBuildPhase;
			buildActionMask = 2147483647;
			files = (
			);
			inputFileListPaths = (
			);
			inputPaths = (
				"${PODS_PODFILE_DIR_PATH}/Podfile.lock",
				"${PODS_ROOT}/Manifest.lock",
			);
			name = "[CP] Check Pods Manifest.lock";
			outputFileListPaths = (
			);
			outputPaths = (
				"$(DERIVED_FILE_DIR)/Pods-SearchApp-checkManifestLockResult.txt",
			);
			runOnlyForDeploymentPostprocessing = 0;
			shellPath = /bin/sh;
			shellScript = "diff \"${PODS_PODFILE_DIR_PATH}/Podfile.lock\" \"${PODS_ROOT}/Manifest.lock\" > /dev/null\nif [ $? != 0 ] ; then\n    # print error to STDERR\n    echo \"error: The sandbox is not in sync with the Podfile.lock. Run 'pod install' or update your CocoaPods installation.\" >&2\n    exit 1\nfi\n# This output is used by Xcode 'outputs' to avoid re-running this script phase.\necho \"SUCCESS\" > \"${SCRIPT_OUTPUT_FILE_0}\"\n";
			showEnvVarsInLog = 0;
		};
		8DE55C0BEB6CE3C69BF62609 /* [CP] Embed Pods Frameworks */ = {
			isa = PBXShellScriptBuildPhase;
			buildActionMask = 2147483647;
			files = (
			);
			inputFileListPaths = (
				"${PODS_ROOT}/Target Support Files/Pods-SearchApp/Pods-SearchApp-frameworks-${CONFIGURATION}-input-files.xcfilelist",
			);
			name = "[CP] Embed Pods Frameworks";
			outputFileListPaths = (
				"${PODS_ROOT}/Target Support Files/Pods-SearchApp/Pods-SearchApp-frameworks-${CONFIGURATION}-output-files.xcfilelist",
			);
			runOnlyForDeploymentPostprocessing = 0;
			shellPath = /bin/sh;
			shellScript = "\"${PODS_ROOT}/Target Support Files/Pods-SearchApp/Pods-SearchApp-frameworks.sh\"\n";
			showEnvVarsInLog = 0;
		};
/* End PBXShellScriptBuildPhase section */

/* Begin PBXSourcesBuildPhase section */
		CC5E52BC2604315400619C1A /* Sources */ = {
			isa = PBXSourcesBuildPhase;
			buildActionMask = 2147483647;
			files = (
				CC12DA71260989BD0022374B /* AppDetailInfoCollectionViewCell.swift in Sources */,
				CC485BDB2696B20800639175 /* SearchResultViewModel.swift in Sources */,
				CCF31393260C6D020015CB73 /* AppDetailHeaderTableViewCell.swift in Sources */,
				CC5E52C42604315400619C1A /* AppDelegate.swift in Sources */,
				D6AAFE652608CCD80043C177 /* AppDetailScreenShotTableViewCell.swift in Sources */,
				CC485BD32696B07A00639175 /* SearchMainViewModel.swift in Sources */,
				CC12DA6B260988320022374B /* AppDetailData.swift in Sources */,
				D6D3F69B26074224008C5DBA /* SearchTableData.swift in Sources */,
				D686C483260A1BCF0042492F /* AppDetailReviewSectionCollectionViewCell.swift in Sources */,
				D6AAFE742608D3170043C177 /* AppDetailReviewSectionTableViewCell.swift in Sources */,
				CC5E52F22604484600619C1A /* AppDetailViewController.swift in Sources */,
				D6FD82F22608C82D005CBBB2 /* AppDetailInfoTableViewCell.swift in Sources */,
				CC444260260AE13C007754E5 /* TimeCalculate.swift in Sources */,
				D6D3F67F260716C3008C5DBA /* HttpAPIManager.swift in Sources */,
				CCF31397260C71CE0015CB73 /* HeaderViewController.swift in Sources */,
				CC5E52E22604330000619C1A /* SearchMainViewController.swift in Sources */,
				CC5E53592604AA9000619C1A /* StoredData.swift in Sources */,
				D6D3F67826071664008C5DBA /* SearchResultCodable.swift in Sources */,
				CC5E52E72604332E00619C1A /* TabBarViewController.swift in Sources */,
				D6FD82E92608BE6E005CBBB2 /* IntExtension.swift in Sources */,
				D6D3F686260720FD008C5DBA /* HttpApiHeader.swift in Sources */,
				CC5E52F82604488500619C1A /* SearchResultViewController.swift in Sources */,
				CC5E52C62604315400619C1A /* SceneDelegate.swift in Sources */,
				D6D3F692260736F6008C5DBA /* SearchResultTableViewCell.swift in Sources */,
				D6D3F67C260716B4008C5DBA /* CallHttpApI.swift in Sources */,
				D6D3F68326072024008C5DBA /* HttpApiRequest.swift in Sources */,
				D686C47E260A18690042492F /* AppDetailScreenshotCollectionViewCell.swift in Sources */,
				D6AAFE6F2608CFE60043C177 /* AppDetailReviewTableViewCell.swift in Sources */,
				CC5E53502604A0BA00619C1A /* SearchMainTableViewCell.swift in Sources */,
				D6AAFE6A2608CE170043C177 /* AppDetailPromotionTableViewCell.swift in Sources */,
				D6FD82F72608C8E1005CBBB2 /* AppDetailVersionContentsTableViewCell.swift in Sources */,
			);
			runOnlyForDeploymentPostprocessing = 0;
		};
/* End PBXSourcesBuildPhase section */

/* Begin PBXVariantGroup section */
		CC5E52C92604315400619C1A /* Main.storyboard */ = {
			isa = PBXVariantGroup;
			children = (
				CC5E52CA2604315400619C1A /* Base */,
			);
			name = Main.storyboard;
			sourceTree = "<group>";
		};
		CC5E52CE2604315500619C1A /* LaunchScreen.storyboard */ = {
			isa = PBXVariantGroup;
			children = (
				CC5E52CF2604315500619C1A /* Base */,
			);
			name = LaunchScreen.storyboard;
			sourceTree = "<group>";
		};
/* End PBXVariantGroup section */

/* Begin XCBuildConfiguration section */
		CC5E52D22604315500619C1A /* Debug */ = {
			isa = XCBuildConfiguration;
			buildSettings = {
				ALWAYS_SEARCH_USER_PATHS = NO;
				CLANG_ANALYZER_NONNULL = YES;
				CLANG_ANALYZER_NUMBER_OBJECT_CONVERSION = YES_AGGRESSIVE;
				CLANG_CXX_LANGUAGE_STANDARD = "gnu++14";
				CLANG_CXX_LIBRARY = "libc++";
				CLANG_ENABLE_MODULES = YES;
				CLANG_ENABLE_OBJC_ARC = YES;
				CLANG_ENABLE_OBJC_WEAK = YES;
				CLANG_WARN_BLOCK_CAPTURE_AUTORELEASING = YES;
				CLANG_WARN_BOOL_CONVERSION = YES;
				CLANG_WARN_COMMA = YES;
				CLANG_WARN_CONSTANT_CONVERSION = YES;
				CLANG_WARN_DEPRECATED_OBJC_IMPLEMENTATIONS = YES;
				CLANG_WARN_DIRECT_OBJC_ISA_USAGE = YES_ERROR;
				CLANG_WARN_DOCUMENTATION_COMMENTS = YES;
				CLANG_WARN_EMPTY_BODY = YES;
				CLANG_WARN_ENUM_CONVERSION = YES;
				CLANG_WARN_INFINITE_RECURSION = YES;
				CLANG_WARN_INT_CONVERSION = YES;
				CLANG_WARN_NON_LITERAL_NULL_CONVERSION = YES;
				CLANG_WARN_OBJC_IMPLICIT_RETAIN_SELF = YES;
				CLANG_WARN_OBJC_LITERAL_CONVERSION = YES;
				CLANG_WARN_OBJC_ROOT_CLASS = YES_ERROR;
				CLANG_WARN_QUOTED_INCLUDE_IN_FRAMEWORK_HEADER = YES;
				CLANG_WARN_RANGE_LOOP_ANALYSIS = YES;
				CLANG_WARN_STRICT_PROTOTYPES = YES;
				CLANG_WARN_SUSPICIOUS_MOVE = YES;
				CLANG_WARN_UNGUARDED_AVAILABILITY = YES_AGGRESSIVE;
				CLANG_WARN_UNREACHABLE_CODE = YES;
				CLANG_WARN__DUPLICATE_METHOD_MATCH = YES;
				COPY_PHASE_STRIP = NO;
				DEBUG_INFORMATION_FORMAT = dwarf;
				ENABLE_STRICT_OBJC_MSGSEND = YES;
				ENABLE_TESTABILITY = YES;
				GCC_C_LANGUAGE_STANDARD = gnu11;
				GCC_DYNAMIC_NO_PIC = NO;
				GCC_NO_COMMON_BLOCKS = YES;
				GCC_OPTIMIZATION_LEVEL = 0;
				GCC_PREPROCESSOR_DEFINITIONS = (
					"DEBUG=1",
					"$(inherited)",
				);
				GCC_WARN_64_TO_32_BIT_CONVERSION = YES;
				GCC_WARN_ABOUT_RETURN_TYPE = YES_ERROR;
				GCC_WARN_UNDECLARED_SELECTOR = YES;
				GCC_WARN_UNINITIALIZED_AUTOS = YES_AGGRESSIVE;
				GCC_WARN_UNUSED_FUNCTION = YES;
				GCC_WARN_UNUSED_VARIABLE = YES;
				IPHONEOS_DEPLOYMENT_TARGET = 14.4;
				MTL_ENABLE_DEBUG_INFO = INCLUDE_SOURCE;
				MTL_FAST_MATH = YES;
				ONLY_ACTIVE_ARCH = YES;
				SDKROOT = iphoneos;
				SWIFT_ACTIVE_COMPILATION_CONDITIONS = DEBUG;
				SWIFT_OPTIMIZATION_LEVEL = "-Onone";
			};
			name = Debug;
		};
		CC5E52D32604315500619C1A /* Release */ = {
			isa = XCBuildConfiguration;
			buildSettings = {
				ALWAYS_SEARCH_USER_PATHS = NO;
				CLANG_ANALYZER_NONNULL = YES;
				CLANG_ANALYZER_NUMBER_OBJECT_CONVERSION = YES_AGGRESSIVE;
				CLANG_CXX_LANGUAGE_STANDARD = "gnu++14";
				CLANG_CXX_LIBRARY = "libc++";
				CLANG_ENABLE_MODULES = YES;
				CLANG_ENABLE_OBJC_ARC = YES;
				CLANG_ENABLE_OBJC_WEAK = YES;
				CLANG_WARN_BLOCK_CAPTURE_AUTORELEASING = YES;
				CLANG_WARN_BOOL_CONVERSION = YES;
				CLANG_WARN_COMMA = YES;
				CLANG_WARN_CONSTANT_CONVERSION = YES;
				CLANG_WARN_DEPRECATED_OBJC_IMPLEMENTATIONS = YES;
				CLANG_WARN_DIRECT_OBJC_ISA_USAGE = YES_ERROR;
				CLANG_WARN_DOCUMENTATION_COMMENTS = YES;
				CLANG_WARN_EMPTY_BODY = YES;
				CLANG_WARN_ENUM_CONVERSION = YES;
				CLANG_WARN_INFINITE_RECURSION = YES;
				CLANG_WARN_INT_CONVERSION = YES;
				CLANG_WARN_NON_LITERAL_NULL_CONVERSION = YES;
				CLANG_WARN_OBJC_IMPLICIT_RETAIN_SELF = YES;
				CLANG_WARN_OBJC_LITERAL_CONVERSION = YES;
				CLANG_WARN_OBJC_ROOT_CLASS = YES_ERROR;
				CLANG_WARN_QUOTED_INCLUDE_IN_FRAMEWORK_HEADER = YES;
				CLANG_WARN_RANGE_LOOP_ANALYSIS = YES;
				CLANG_WARN_STRICT_PROTOTYPES = YES;
				CLANG_WARN_SUSPICIOUS_MOVE = YES;
				CLANG_WARN_UNGUARDED_AVAILABILITY = YES_AGGRESSIVE;
				CLANG_WARN_UNREACHABLE_CODE = YES;
				CLANG_WARN__DUPLICATE_METHOD_MATCH = YES;
				COPY_PHASE_STRIP = NO;
				DEBUG_INFORMATION_FORMAT = "dwarf-with-dsym";
				ENABLE_NS_ASSERTIONS = NO;
				ENABLE_STRICT_OBJC_MSGSEND = YES;
				GCC_C_LANGUAGE_STANDARD = gnu11;
				GCC_NO_COMMON_BLOCKS = YES;
				GCC_WARN_64_TO_32_BIT_CONVERSION = YES;
				GCC_WARN_ABOUT_RETURN_TYPE = YES_ERROR;
				GCC_WARN_UNDECLARED_SELECTOR = YES;
				GCC_WARN_UNINITIALIZED_AUTOS = YES_AGGRESSIVE;
				GCC_WARN_UNUSED_FUNCTION = YES;
				GCC_WARN_UNUSED_VARIABLE = YES;
				IPHONEOS_DEPLOYMENT_TARGET = 14.4;
				MTL_ENABLE_DEBUG_INFO = NO;
				MTL_FAST_MATH = YES;
				SDKROOT = iphoneos;
				SWIFT_COMPILATION_MODE = wholemodule;
				SWIFT_OPTIMIZATION_LEVEL = "-O";
				VALIDATE_PRODUCT = YES;
			};
			name = Release;
		};
		CC5E52D52604315500619C1A /* Debug */ = {
			isa = XCBuildConfiguration;
			baseConfigurationReference = 656F2D5E246E25305D9B5F3A /* Pods-SearchApp.debug.xcconfig */;
			buildSettings = {
				ASSETCATALOG_COMPILER_APPICON_NAME = AppIcon;
				ASSETCATALOG_COMPILER_GLOBAL_ACCENT_COLOR_NAME = AccentColor;
				CODE_SIGN_STYLE = Automatic;
				DEVELOPMENT_TEAM = 653TUFJ9Y7;
				INFOPLIST_FILE = SearchApp/Info.plist;
				IPHONEOS_DEPLOYMENT_TARGET = 13.0;
				LD_RUNPATH_SEARCH_PATHS = (
					"$(inherited)",
					"@executable_path/Frameworks",
				);
				PRODUCT_BUNDLE_IDENTIFIER = com.ayeon.SearchApp;
				PRODUCT_NAME = "$(TARGET_NAME)";
				SWIFT_VERSION = 5.0;
				TARGETED_DEVICE_FAMILY = 1;
			};
			name = Debug;
		};
		CC5E52D62604315500619C1A /* Release */ = {
			isa = XCBuildConfiguration;
			baseConfigurationReference = 6B36F68059D8F5E9822D27E9 /* Pods-SearchApp.release.xcconfig */;
			buildSettings = {
				ASSETCATALOG_COMPILER_APPICON_NAME = AppIcon;
				ASSETCATALOG_COMPILER_GLOBAL_ACCENT_COLOR_NAME = AccentColor;
				CODE_SIGN_STYLE = Automatic;
				DEVELOPMENT_TEAM = 653TUFJ9Y7;
				INFOPLIST_FILE = SearchApp/Info.plist;
				IPHONEOS_DEPLOYMENT_TARGET = 13.0;
				LD_RUNPATH_SEARCH_PATHS = (
					"$(inherited)",
					"@executable_path/Frameworks",
				);
				PRODUCT_BUNDLE_IDENTIFIER = com.ayeon.SearchApp;
				PRODUCT_NAME = "$(TARGET_NAME)";
				SWIFT_VERSION = 5.0;
				TARGETED_DEVICE_FAMILY = 1;
			};
			name = Release;
		};
/* End XCBuildConfiguration section */

/* Begin XCConfigurationList section */
		CC5E52BB2604315400619C1A /* Build configuration list for PBXProject "SearchApp" */ = {
			isa = XCConfigurationList;
			buildConfigurations = (
				CC5E52D22604315500619C1A /* Debug */,
				CC5E52D32604315500619C1A /* Release */,
			);
			defaultConfigurationIsVisible = 0;
			defaultConfigurationName = Release;
		};
		CC5E52D42604315500619C1A /* Build configuration list for PBXNativeTarget "SearchApp" */ = {
			isa = XCConfigurationList;
			buildConfigurations = (
				CC5E52D52604315500619C1A /* Debug */,
				CC5E52D62604315500619C1A /* Release */,
			);
			defaultConfigurationIsVisible = 0;
			defaultConfigurationName = Release;
		};
/* End XCConfigurationList section */
	};
	rootObject = CC5E52B82604315400619C1A /* Project object */;
}
